
Microsoft Visual Studio Solution File, Format Version 12.00
# Visual Studio 14
VisualStudioVersion = 14.0.24720.0
MinimumVisualStudioVersion = 10.0.40219.1
Project("{FAE04EC0-301F-11D3-BF4B-00C04F79EFBC}") = "Vault", "Vault\Vault.csproj", "{2CD88341-D359-483D-9321-10ABF38864B2}"
EndProject
Project("{FAE04EC0-301F-11D3-BF4B-00C04F79EFBC}") = "VaultApp.Data", "VaultApp.Data\VaultApp.Data.csproj", "{1E7B8883-031C-47DE-8CBA-83FC6DE5E00E}"
EndProject
Global
	GlobalSection(SolutionConfigurationPlatforms) = preSolution
		Debug|Any CPU = Debug|Any CPU
		Release|Any CPU = Release|Any CPU
	EndGlobalSection
	GlobalSection(ProjectConfigurationPlatforms) = postSolution
		{2CD88341-D359-483D-9321-10ABF38864B2}.Debug|Any CPU.ActiveCfg = Debug|Any CPU
		{2CD88341-D359-483D-9321-10ABF38864B2}.Debug|Any CPU.Build.0 = Debug|Any CPU
		{2CD88341-D359-483D-9321-10ABF38864B2}.Release|Any CPU.ActiveCfg = Release|Any CPU
		{2CD88341-D359-483D-9321-10ABF38864B2}.Release|Any CPU.Build.0 = Release|Any CPU
		{1E7B8883-031C-47DE-8CBA-83FC6DE5E00E}.Debug|Any CPU.ActiveCfg = Debug|Any CPU
		{1E7B8883-031C-47DE-8CBA-83FC6DE5E00E}.Debug|Any CPU.Build.0 = Debug|Any CPU
		{1E7B8883-031C-47DE-8CBA-83FC6DE5E00E}.Release|Any CPU.ActiveCfg = Release|Any CPU
		{1E7B8883-031C-47DE-8CBA-83FC6DE5E00E}.Release|Any CPU.Build.0 = Release|Any CPU
	EndGlobalSection
	GlobalSection(SolutionProperties) = preSolution
		HideSolutionNode = FALSE
	EndGlobalSection
EndGlobal
